
Microsoft Visual Studio Solution File, Format Version 12.00
# Visual Studio Version 16
VisualStudioVersion = 16.0.29709.97
MinimumVisualStudioVersion = 10.0.40219.1
Project("{FAE04EC0-301F-11D3-BF4B-00C04F79EFBC}") = "Prac_02_01", "Prac_02_01\Prac_02_01.csproj", "{DD058D60-831E-4427-A244-E2B6B0448367}"
EndProject
Global
	GlobalSection(SolutionConfigurationPlatforms) = preSolution
		Debug|Any CPU = Debug|Any CPU
		Release|Any CPU = Release|Any CPU
	EndGlobalSection
	GlobalSection(ProjectConfigurationPlatforms) = postSolution
		{DD058D60-831E-4427-A244-E2B6B0448367}.Debug|Any CPU.ActiveCfg = Debug|Any CPU
		{DD058D60-831E-4427-A244-E2B6B0448367}.Debug|Any CPU.Build.0 = Debug|Any CPU
		{DD058D60-831E-4427-A244-E2B6B0448367}.Release|Any CPU.ActiveCfg = Release|Any CPU
		{DD058D60-831E-4427-A244-E2B6B0448367}.Release|Any CPU.Build.0 = Release|Any CPU
	EndGlobalSection
	GlobalSection(SolutionProperties) = preSolution
		HideSolutionNode = FALSE
	EndGlobalSection
	GlobalSection(ExtensibilityGlobals) = postSolution
		SolutionGuid = {FF2846FE-8E10-4575-AA8D-11A7DF5B44DC}
	EndGlobalSection
EndGlobal
